id: chaos.azure-chaos-studio.service-bus-firewall-block
version: 1
provenance:
  source: azure-chaos-studio
  source_url: https://learn.microsoft.com/azure/chaos-studio/chaos-studio-fault-library
  source_ref: urn:csci:microsoft:serviceBus:firewallBlock/1.0
  synthesis_method: collected
category: dependency
target_type: ingress
fault_family: deny
intensity: extreme
duration_seconds: 720.0
expected_signal: request_failure
injector: az:servicebus-firewall
blast_radius_cap: 1
rollback_note: Restore the original default network action on stop.
gates:
  shadow_status: pending
  enforce_status: null
requires_hardware: false
description: Flip a Service Bus namespace default network action to Deny via az servicebus
  namespace network-rule-set update. Publishers / subscribers see connection refused
  until stop.
params:
  fault_name: urn:csci:microsoft:serviceBus:firewallBlock/1.0
  original_default_action: Allow
tags:
- azure-chaos-studio
- servicebus
